{
    "dansan/jobboy-bundle": {
        "version": "0.1.x-dev"
    },
    "dansan/jobboy-processes-doctrine": {
        "version": "0.1.x-dev"
    },
    "dansan/jobboy-processes-redis": {
        "version": "0.1.x-dev"
    },
    "nesbot/carbon": {
        "version": "2.22.0"
    },
    "symfony/dotenv": {
        "version": "v4.3.3"
    },
    "symfony/phpunit-bridge": {
        "version": "4.3",
        "recipe": {
            "repo": "github.com/symfony/recipes",
            "branch": "master",
            "version": "4.3",
            "ref": "b0582341f1df39aaf3a9a866cdbe49937da35984"
        },
        "files": [
            ".env.test",
            "bin/phpunit",
            "config/bootstrap.php",
            "phpunit.xml.dist",
            "tests/.gitignore"
        ]
    },
    "symfony/translation": {
        "version": "3.3",
        "recipe": {
            "repo": "github.com/symfony/recipes",
            "branch": "master",
            "version": "3.3",
            "ref": "2ad9d2545bce8ca1a863e50e92141f0b9d87ffcd"
        },
        "files": [
            "config/packages/translation.yaml",
            "translations/.gitignore"
        ]
    },
    "symfony/translation-contracts": {
        "version": "v1.1.5"
    },
    "symfony/yaml": {
        "version": "v4.3.3"
    }
}
